
Microsoft Visual Studio Solution File, Format Version 12.00
# Visual Studio 15
VisualStudioVersion = 15.0.27428.2015
MinimumVisualStudioVersion = 10.0.40219.1
Project("{FAE04EC0-301F-11D3-BF4B-00C04F79EFBC}") = "OAP7", "OAP7\OAP7.csproj", "{B92598F0-4F70-4EE5-8350-533FABE3A8F2}"
EndProject
Project("{FAE04EC0-301F-11D3-BF4B-00C04F79EFBC}") = "OAP7Tests", "OAP7Tests\OAP7Tests.csproj", "{43371A6F-E2D9-4DE7-833D-85A7C6DDDE19}"
EndProject
Global
	GlobalSection(SolutionConfigurationPlatforms) = preSolution
		Debug|Any CPU = Debug|Any CPU
		Release|Any CPU = Release|Any CPU
	EndGlobalSection
	GlobalSection(ProjectConfigurationPlatforms) = postSolution
		{B92598F0-4F70-4EE5-8350-533FABE3A8F2}.Debug|Any CPU.ActiveCfg = Debug|Any CPU
		{B92598F0-4F70-4EE5-8350-533FABE3A8F2}.Debug|Any CPU.Build.0 = Debug|Any CPU
		{B92598F0-4F70-4EE5-8350-533FABE3A8F2}.Release|Any CPU.ActiveCfg = Release|Any CPU
		{B92598F0-4F70-4EE5-8350-533FABE3A8F2}.Release|Any CPU.Build.0 = Release|Any CPU
		{43371A6F-E2D9-4DE7-833D-85A7C6DDDE19}.Debug|Any CPU.ActiveCfg = Debug|Any CPU
		{43371A6F-E2D9-4DE7-833D-85A7C6DDDE19}.Debug|Any CPU.Build.0 = Debug|Any CPU
		{43371A6F-E2D9-4DE7-833D-85A7C6DDDE19}.Release|Any CPU.ActiveCfg = Release|Any CPU
		{43371A6F-E2D9-4DE7-833D-85A7C6DDDE19}.Release|Any CPU.Build.0 = Release|Any CPU
	EndGlobalSection
	GlobalSection(SolutionProperties) = preSolution
		HideSolutionNode = FALSE
	EndGlobalSection
	GlobalSection(ExtensibilityGlobals) = postSolution
		SolutionGuid = {4AE7051D-CB25-4978-8EF3-6BC3508E09C5}
	EndGlobalSection
EndGlobal
