
Microsoft Visual Studio Solution File, Format Version 12.00
# Visual Studio 15
VisualStudioVersion = 15.0.27428.2015
MinimumVisualStudioVersion = 10.0.40219.1
Project("{FAE04EC0-301F-11D3-BF4B-00C04F79EFBC}") = "OAP6", "OAP\OAP6.csproj", "{F121F807-6612-4423-9A06-3BF3CC8F1B19}"
EndProject
Project("{FAE04EC0-301F-11D3-BF4B-00C04F79EFBC}") = "OAP6Tests", "OAP6Tests\OAP6Tests.csproj", "{AE0BF77E-6C4C-4238-80CB-B7F680EE10BE}"
EndProject
Global
	GlobalSection(SolutionConfigurationPlatforms) = preSolution
		Debug|Any CPU = Debug|Any CPU
		Release|Any CPU = Release|Any CPU
	EndGlobalSection
	GlobalSection(ProjectConfigurationPlatforms) = postSolution
		{F121F807-6612-4423-9A06-3BF3CC8F1B19}.Debug|Any CPU.ActiveCfg = Debug|Any CPU
		{F121F807-6612-4423-9A06-3BF3CC8F1B19}.Debug|Any CPU.Build.0 = Debug|Any CPU
		{F121F807-6612-4423-9A06-3BF3CC8F1B19}.Release|Any CPU.ActiveCfg = Release|Any CPU
		{F121F807-6612-4423-9A06-3BF3CC8F1B19}.Release|Any CPU.Build.0 = Release|Any CPU
		{AE0BF77E-6C4C-4238-80CB-B7F680EE10BE}.Debug|Any CPU.ActiveCfg = Debug|Any CPU
		{AE0BF77E-6C4C-4238-80CB-B7F680EE10BE}.Debug|Any CPU.Build.0 = Debug|Any CPU
		{AE0BF77E-6C4C-4238-80CB-B7F680EE10BE}.Release|Any CPU.ActiveCfg = Release|Any CPU
		{AE0BF77E-6C4C-4238-80CB-B7F680EE10BE}.Release|Any CPU.Build.0 = Release|Any CPU
	EndGlobalSection
	GlobalSection(SolutionProperties) = preSolution
		HideSolutionNode = FALSE
	EndGlobalSection
	GlobalSection(ExtensibilityGlobals) = postSolution
		SolutionGuid = {EE072928-F959-4B28-B893-56146502454A}
	EndGlobalSection
EndGlobal
